Microsoft Visual Studio Solution File, Format Version 12.00
# Visual Studio Version 17
VisualStudioVersion = 17.5.2.0
MinimumVisualStudioVersion = 10.0.40219.1
Project("{FAE04EC0-301F-11D3-BF4B-00C04F79EFBC}") = "ZenPowers.Core", "src\ZenPowers.Core.csproj", "{ED64A82B-8394-1EE5-7445-B0463C89EA87}"
EndProject
Global
	GlobalSection(SolutionConfigurationPlatforms) = preSolution
		Debug|Any CPU = Debug|Any CPU
		Release|Any CPU = Release|Any CPU
	EndGlobalSection
	GlobalSection(ProjectConfigurationPlatforms) = postSolution
		{ED64A82B-8394-1EE5-7445-B0463C89EA87}.Debug|Any CPU.ActiveCfg = Debug|Any CPU
		{ED64A82B-8394-1EE5-7445-B0463C89EA87}.Debug|Any CPU.Build.0 = Debug|Any CPU
		{ED64A82B-8394-1EE5-7445-B0463C89EA87}.Release|Any CPU.ActiveCfg = Release|Any CPU
		{ED64A82B-8394-1EE5-7445-B0463C89EA87}.Release|Any CPU.Build.0 = Release|Any CPU
	EndGlobalSection
	GlobalSection(SolutionProperties) = preSolution
		HideSolutionNode = FALSE
	EndGlobalSection
	GlobalSection(ExtensibilityGlobals) = postSolution
		SolutionGuid = {29E4F738-50D6-4106-AB9B-B683244C8F31}
	EndGlobalSection
EndGlobal
